
Microsoft Visual Studio Solution File, Format Version 12.00
# Visual Studio Version 17
VisualStudioVersion = 17.2.32505.173
MinimumVisualStudioVersion = 10.0.40219.1
Project("{FAE04EC0-301F-11D3-BF4B-00C04F79EFBC}") = "CallOfCthulhuImport", "CallOfCthulhuImport\CallOfCthulhuImport.csproj", "{7D3AD30B-A3E1-4663-80BD-D73433AD79A4}"
EndProject
Project("{FAE04EC0-301F-11D3-BF4B-00C04F79EFBC}") = "CthulhuModels", "CthulhuModels\CthulhuModels.csproj", "{5C5C9E5D-D902-4AA3-B180-D5E8FDD208A1}"
EndProject
Global
	GlobalSection(SolutionConfigurationPlatforms) = preSolution
		Debug|Any CPU = Debug|Any CPU
		Release|Any CPU = Release|Any CPU
	EndGlobalSection
	GlobalSection(ProjectConfigurationPlatforms) = postSolution
		{7D3AD30B-A3E1-4663-80BD-D73433AD79A4}.Debug|Any CPU.ActiveCfg = Debug|Any CPU
		{7D3AD30B-A3E1-4663-80BD-D73433AD79A4}.Debug|Any CPU.Build.0 = Debug|Any CPU
		{7D3AD30B-A3E1-4663-80BD-D73433AD79A4}.Release|Any CPU.ActiveCfg = Release|Any CPU
		{7D3AD30B-A3E1-4663-80BD-D73433AD79A4}.Release|Any CPU.Build.0 = Release|Any CPU
		{5C5C9E5D-D902-4AA3-B180-D5E8FDD208A1}.Debug|Any CPU.ActiveCfg = Debug|Any CPU
		{5C5C9E5D-D902-4AA3-B180-D5E8FDD208A1}.Debug|Any CPU.Build.0 = Debug|Any CPU
		{5C5C9E5D-D902-4AA3-B180-D5E8FDD208A1}.Release|Any CPU.ActiveCfg = Release|Any CPU
		{5C5C9E5D-D902-4AA3-B180-D5E8FDD208A1}.Release|Any CPU.Build.0 = Release|Any CPU
	EndGlobalSection
	GlobalSection(SolutionProperties) = preSolution
		HideSolutionNode = FALSE
	EndGlobalSection
	GlobalSection(ExtensibilityGlobals) = postSolution
		SolutionGuid = {6B589FA7-B03A-4550-B3C3-4835FE2373E1}
	EndGlobalSection
EndGlobal
